PODS:
  - Flutter (1.0.0)
  - flutter_uikit_view_pan (0.0.1):
    - Flutter

DEPENDENCIES:
  - Flutter (from `.symlinks/flutter/ios`)
  - flutter_uikit_view_pan (from `.symlinks/plugins/flutter_uikit_view_pan/ios`)

EXTERNAL SOURCES:
  Flutter:
    :path: ".symlinks/flutter/ios"
  flutter_uikit_view_pan:
    :path: ".symlinks/plugins/flutter_uikit_view_pan/ios"

SPEC CHECKSUMS:
  Flutter: 58dd7d1b27887414a370fcccb9e645c08ffd7a6a
  flutter_uikit_view_pan: 337c4497db3de2017c711a63fe33ea26249887f2

PODFILE CHECKSUM: ebd43b443038e611b86ede96e613bd6033c49497

COCOAPODS: 1.6.1
